{
  "version": 4,
  "terraform_version": "1.7.1",
  "serial": 72,
  "lineage": "4d9f0d8a-04fd-b1c5-ba6c-94bb5c1eb287",
  "outputs": {
    "compute_instance_nat-instance": {
      "value": "51.250.65.73",
      "type": "string"
    }
  },
  "resources": [
    {
      "mode": "managed",
      "type": "yandex_compute_instance",
      "name": "nat-instance",
      "provider": "provider[\"registry.terraform.io/yandex-cloud/yandex\"]",
      "instances": [
        {
          "schema_version": 1,
          "attributes": {
            "allow_recreate": null,
            "allow_stopping_for_update": null,
            "boot_disk": [
              {
                "auto_delete": true,
                "device_name": "fhm8elnli9h03pve9mld",
                "disk_id": "fhm8elnli9h03pve9mld",
                "initialize_params": [
                  {
                    "block_size": 4096,
                    "description": "",
                    "image_id": "fd8b88l2b5mnj352lkdk",
                    "name": "",
                    "size": 15,
                    "snapshot_id": "",
                    "type": "network-hdd"
                  }
                ],
                "mode": "READ_WRITE"
              }
            ],
            "created_at": "2024-02-11T22:32:44Z",
            "description": "",
            "filesystem": [],
            "folder_id": "b1g8ar6d0dnaun4184h0",
            "fqdn": "fhmnhh96baetglc464le.auto.internal",
            "gpu_cluster_id": "",
            "hostname": "",
            "id": "fhmnhh96baetglc464le",
            "labels": null,
            "local_disk": [],
            "maintenance_grace_period": "",
            "maintenance_policy": null,
            "metadata": {
              "user-data": "#cloud-config\nusers:\n  - name: ansible\n    groups: sudo\n    shell: /bin/bash\n    sudo: ['ALL=(ALL) NOPASSWD:ALL']\n    ssh-authorized-keys:\n      - ssh-rsa AAAAB3NzaC1yc2EAAAADAQABAAABgQDBAcjw2tR9NbRHx8uItN2swKjhjCLB9Cg6qEb86wcKqzYnLq039yYwKNCAjsBlj+5oGeT/ZZR3LU0WMttmvESySkO0J9h69DOn6uz53cCV7ELZ8NKk8iD5XWiyovTIMZGQ8CPP/gtFYsjazaCbaXaTH64jTGtj2SPZHo3UqVnag0vFde6WXfPLkTeF2nH/39uecHVGZMs+Ep37Bl37TWlJ7gABn5jmWJ71Zu+e110AH7iYgYhJ6RV8aeBp88VcKMlyNH7mzwdOD6Gdd3k/FPL6j45vSConYIz8Ow6qlXSKHbdNyHowOjTU3HNP68nfWqEXzyUbNTCgZfwLllB9IKpCCCDBJl8WdjAzSs51UWxnMMixFqwY6m1lSozO+KEsCDzOLwQHMYrzNk/QPKAl5YfZLXvSDKKo8vyS80HQ0rRR+k4ArxSh/WEOo2QgDjM/9FRv+VyZBtlCz4aQ1h/Skg/btPpd5jb4a7S5DtUhV/1Kg78JSI0virLg2kIiLbb7dLc= bldfrstr@fedora\n"
            },
            "metadata_options": [
              {
                "aws_v1_http_endpoint": 1,
                "aws_v1_http_token": 2,
                "gce_http_endpoint": 1,
                "gce_http_token": 1
              }
            ],
            "name": "nat-instance",
            "network_acceleration_type": "standard",
            "network_interface": [
              {
                "dns_record": [],
                "index": 0,
                "ip_address": "192.168.1.21",
                "ipv4": true,
                "ipv6": false,
                "ipv6_address": "",
                "ipv6_dns_record": [],
                "mac_address": "d0:0d:17:8c:52:65",
                "nat": true,
                "nat_dns_record": [],
                "nat_ip_address": "51.250.65.73",
                "nat_ip_version": "IPV4",
                "security_group_ids": [
                  "enpk9as97shuvndcdnik"
                ],
                "subnet_id": "e9bqjc9ku3rm8c1ambcd"
              }
            ],
            "placement_policy": [
              {
                "host_affinity_rules": [],
                "placement_group_id": "",
                "placement_group_partition": 0
              }
            ],
            "platform_id": "standard-v3",
            "resources": [
              {
                "core_fraction": 20,
                "cores": 2,
                "gpus": 0,
                "memory": 2
              }
            ],
            "scheduling_policy": [
              {
                "preemptible": false
              }
            ],
            "secondary_disk": [],
            "service_account_id": "",
            "status": "running",
            "timeouts": null,
            "zone": "ru-central1-a"
          },
          "sensitive_attributes": [],
          "private": "eyJlMmJmYjczMC1lY2FhLTExZTYtOGY4OC0zNDM2M2JjN2M0YzAiOnsiY3JlYXRlIjozMDAwMDAwMDAwMDAsImRlbGV0ZSI6MzAwMDAwMDAwMDAwLCJ1cGRhdGUiOjMwMDAwMDAwMDAwMH0sInNjaGVtYV92ZXJzaW9uIjoiMSJ9",
          "dependencies": [
            "yandex_vpc_security_group.nat-instance-sg",
            "yandex_vpc_subnet.public-subnet"
          ]
        }
      ]
    },
    {
      "mode": "managed",
      "type": "yandex_compute_instance_group",
      "name": "kubernetes",
      "provider": "provider[\"registry.terraform.io/yandex-cloud/yandex\"]",
      "instances": [
        {
          "schema_version": 0,
          "attributes": {
            "allocation_policy": [
              {
                "instance_tags_pool": [],
                "zones": [
                  "ru-central1-a"
                ]
              }
            ],
            "application_load_balancer": [],
            "created_at": "2024-02-11T22:32:42Z",
            "deletion_protection": false,
            "deploy_policy": [
              {
                "max_creating": 2,
                "max_deleting": 2,
                "max_expansion": 2,
                "max_unavailable": 2,
                "startup_duration": 0,
                "strategy": "proactive"
              }
            ],
            "description": "",
            "folder_id": "b1g8ar6d0dnaun4184h0",
            "health_check": [],
            "id": "cl1lfksj7umqpdkmvb40",
            "instance_template": [
              {
                "boot_disk": [
                  {
                    "device_name": "",
                    "disk_id": "",
                    "initialize_params": [
                      {
                        "description": "",
                        "image_id": "fd8b88l2b5mnj352lkdk",
                        "size": 15,
                        "snapshot_id": "",
                        "type": "network-hdd"
                      }
                    ],
                    "mode": "READ_WRITE",
                    "name": ""
                  }
                ],
                "description": "",
                "filesystem": [],
                "hostname": "",
                "labels": {
                  "cluster": "kubernetes",
                  "stage": "dev"
                },
                "metadata": {
                  "user-data": "#cloud-config\nusers:\n  - name: ansible\n    groups: sudo\n    shell: /bin/bash\n    sudo: ['ALL=(ALL) NOPASSWD:ALL']\n    ssh-authorized-keys:\n      - ssh-rsa AAAAB3NzaC1yc2EAAAADAQABAAABgQDBAcjw2tR9NbRHx8uItN2swKjhjCLB9Cg6qEb86wcKqzYnLq039yYwKNCAjsBlj+5oGeT/ZZR3LU0WMttmvESySkO0J9h69DOn6uz53cCV7ELZ8NKk8iD5XWiyovTIMZGQ8CPP/gtFYsjazaCbaXaTH64jTGtj2SPZHo3UqVnag0vFde6WXfPLkTeF2nH/39uecHVGZMs+Ep37Bl37TWlJ7gABn5jmWJ71Zu+e110AH7iYgYhJ6RV8aeBp88VcKMlyNH7mzwdOD6Gdd3k/FPL6j45vSConYIz8Ow6qlXSKHbdNyHowOjTU3HNP68nfWqEXzyUbNTCgZfwLllB9IKpCCCDBJl8WdjAzSs51UWxnMMixFqwY6m1lSozO+KEsCDzOLwQHMYrzNk/QPKAl5YfZLXvSDKKo8vyS80HQ0rRR+k4ArxSh/WEOo2QgDjM/9FRv+VyZBtlCz4aQ1h/Skg/btPpd5jb4a7S5DtUhV/1Kg78JSI0virLg2kIiLbb7dLc= bldfrstr@fedora\n"
                },
                "name": "",
                "network_interface": [
                  {
                    "dns_record": [],
                    "ip_address": "",
                    "ipv4": true,
                    "ipv6": false,
                    "ipv6_address": "",
                    "ipv6_dns_record": [],
                    "nat": false,
                    "nat_dns_record": [],
                    "nat_ip_address": "",
                    "network_id": "enp0h3kbj4fj21fulo5d",
                    "security_group_ids": [
                      "enpk9as97shuvndcdnik"
                    ],
                    "subnet_ids": [
                      "e2lmi0p9ebfjmk3nfqmf",
                      "e9bcte9c180bm7qqfrb5"
                    ]
                  }
                ],
                "network_settings": [
                  {
                    "type": "STANDARD"
                  }
                ],
                "placement_policy": [],
                "platform_id": "standard-v1",
                "resources": [
                  {
                    "core_fraction": 100,
                    "cores": 4,
                    "gpus": 0,
                    "memory": 8
                  }
                ],
                "scheduling_policy": [
                  {
                    "preemptible": false
                  }
                ],
                "secondary_disk": [],
                "service_account_id": ""
              }
            ],
            "instances": [
              {
                "fqdn": "cl1lfksj7umqpdkmvb40-afer.ru-central1.internal",
                "instance_id": "fhmbmb9tik1jf1e1u864",
                "instance_tag": "",
                "name": "cl1lfksj7umqpdkmvb40-afer",
                "network_interface": [
                  {
                    "index": 0,
                    "ip_address": "10.128.0.6",
                    "ipv4": true,
                    "ipv6": false,
                    "ipv6_address": "",
                    "mac_address": "d0:0d:bb:2d:3d:95",
                    "nat": false,
                    "nat_ip_address": "",
                    "nat_ip_version": "",
                    "subnet_id": "e9bcte9c180bm7qqfrb5"
                  }
                ],
                "status": "RUNNING_ACTUAL",
                "status_changed_at": "2024-02-11T22:33:51Z",
                "status_message": "",
                "zone_id": "ru-central1-a"
              },
              {
                "fqdn": "cl1lfksj7umqpdkmvb40-ysyj.ru-central1.internal",
                "instance_id": "fhm6126qdqumqmn4ue5t",
                "instance_tag": "",
                "name": "cl1lfksj7umqpdkmvb40-ysyj",
                "network_interface": [
                  {
                    "index": 0,
                    "ip_address": "10.128.0.7",
                    "ipv4": true,
                    "ipv6": false,
                    "ipv6_address": "",
                    "mac_address": "d0:0d:60:88:da:6e",
                    "nat": false,
                    "nat_ip_address": "",
                    "nat_ip_version": "",
                    "subnet_id": "e9bcte9c180bm7qqfrb5"
                  }
                ],
                "status": "RUNNING_ACTUAL",
                "status_changed_at": "2024-02-11T22:33:43Z",
                "status_message": "",
                "zone_id": "ru-central1-a"
              },
              {
                "fqdn": "cl1lfksj7umqpdkmvb40-omep.ru-central1.internal",
                "instance_id": "fhm8cm73kcb91qes9ij1",
                "instance_tag": "",
                "name": "cl1lfksj7umqpdkmvb40-omep",
                "network_interface": [
                  {
                    "index": 0,
                    "ip_address": "10.128.0.10",
                    "ipv4": true,
                    "ipv6": false,
                    "ipv6_address": "",
                    "mac_address": "d0:0d:86:58:e3:a3",
                    "nat": false,
                    "nat_ip_address": "",
                    "nat_ip_version": "",
                    "subnet_id": "e9bcte9c180bm7qqfrb5"
                  }
                ],
                "status": "RUNNING_ACTUAL",
                "status_changed_at": "2024-02-11T22:34:13Z",
                "status_message": "",
                "zone_id": "ru-central1-a"
              },
              {
                "fqdn": "cl1lfksj7umqpdkmvb40-yjym.ru-central1.internal",
                "instance_id": "fhm5mm8ftihsbtfr1tu4",
                "instance_tag": "",
                "name": "cl1lfksj7umqpdkmvb40-yjym",
                "network_interface": [
                  {
                    "index": 0,
                    "ip_address": "10.128.0.25",
                    "ipv4": true,
                    "ipv6": false,
                    "ipv6_address": "",
                    "mac_address": "d0:0d:5b:59:0f:ec",
                    "nat": false,
                    "nat_ip_address": "",
                    "nat_ip_version": "",
                    "subnet_id": "e9bcte9c180bm7qqfrb5"
                  }
                ],
                "status": "RUNNING_ACTUAL",
                "status_changed_at": "2024-02-11T22:34:49Z",
                "status_message": "",
                "zone_id": "ru-central1-a"
              },
              {
                "fqdn": "cl1lfksj7umqpdkmvb40-yvyl.ru-central1.internal",
                "instance_id": "fhmqoc6lkc7epehc916e",
                "instance_tag": "",
                "name": "cl1lfksj7umqpdkmvb40-yvyl",
                "network_interface": [
                  {
                    "index": 0,
                    "ip_address": "10.128.0.11",
                    "ipv4": true,
                    "ipv6": false,
                    "ipv6_address": "",
                    "mac_address": "d0:0d:1a:c3:0d:5a",
                    "nat": false,
                    "nat_ip_address": "",
                    "nat_ip_version": "",
                    "subnet_id": "e9bcte9c180bm7qqfrb5"
                  }
                ],
                "status": "RUNNING_ACTUAL",
                "status_changed_at": "2024-02-11T22:34:50Z",
                "status_message": "",
                "zone_id": "ru-central1-a"
              },
              {
                "fqdn": "cl1lfksj7umqpdkmvb40-uhus.ru-central1.internal",
                "instance_id": "fhmelinrh19o5j0hkh0i",
                "instance_tag": "",
                "name": "cl1lfksj7umqpdkmvb40-uhus",
                "network_interface": [
                  {
                    "index": 0,
                    "ip_address": "10.128.0.12",
                    "ipv4": true,
                    "ipv6": false,
                    "ipv6_address": "",
                    "mac_address": "d0:0d:ea:ca:fb:88",
                    "nat": false,
                    "nat_ip_address": "",
                    "nat_ip_version": "",
                    "subnet_id": "e9bcte9c180bm7qqfrb5"
                  }
                ],
                "status": "RUNNING_ACTUAL",
                "status_changed_at": "2024-02-11T22:35:19Z",
                "status_message": "",
                "zone_id": "ru-central1-a"
              }
            ],
            "labels": null,
            "load_balancer": [],
            "max_checking_health_duration": null,
            "name": "kubernetes-ig",
            "scale_policy": [
              {
                "auto_scale": [],
                "fixed_scale": [
                  {
                    "size": 6
                  }
                ],
                "test_auto_scale": []
              }
            ],
            "service_account_id": "aje6ie42n23247kmeknb",
            "status": "ACTIVE",
            "timeouts": null,
            "variables": null
          },
          "sensitive_attributes": [],
          "private": "eyJlMmJmYjczMC1lY2FhLTExZTYtOGY4OC0zNDM2M2JjN2M0YzAiOnsiY3JlYXRlIjoxODAwMDAwMDAwMDAwLCJkZWxldGUiOjE4MDAwMDAwMDAwMDAsInVwZGF0ZSI6MTgwMDAwMDAwMDAwMH19",
          "dependencies": [
            "yandex_vpc_security_group.nat-instance-sg"
          ]
        }
      ]
    },
    {
      "mode": "managed",
      "type": "yandex_vpc_route_table",
      "name": "nat-instance-route",
      "provider": "provider[\"registry.terraform.io/yandex-cloud/yandex\"]",
      "instances": [
        {
          "schema_version": 0,
          "attributes": {
            "created_at": "2024-02-11T22:33:45Z",
            "description": "",
            "folder_id": "b1g8ar6d0dnaun4184h0",
            "id": "enp4ie2fcobrjuccs9bm",
            "labels": {},
            "name": "nat-instance-route",
            "network_id": "enp0h3kbj4fj21fulo5d",
            "static_route": [
              {
                "destination_prefix": "0.0.0.0/0",
                "gateway_id": "",
                "next_hop_address": "192.168.1.21"
              }
            ],
            "timeouts": null
          },
          "sensitive_attributes": [],
          "private": "eyJlMmJmYjczMC1lY2FhLTExZTYtOGY4OC0zNDM2M2JjN2M0YzAiOnsiY3JlYXRlIjoxODAwMDAwMDAwMDAsImRlbGV0ZSI6MTgwMDAwMDAwMDAwLCJ1cGRhdGUiOjE4MDAwMDAwMDAwMH19",
          "dependencies": [
            "yandex_compute_instance.nat-instance",
            "yandex_vpc_security_group.nat-instance-sg",
            "yandex_vpc_subnet.public-subnet"
          ]
        }
      ]
    },
    {
      "mode": "managed",
      "type": "yandex_vpc_security_group",
      "name": "nat-instance-sg",
      "provider": "provider[\"registry.terraform.io/yandex-cloud/yandex\"]",
      "instances": [
        {
          "schema_version": 0,
          "attributes": {
            "created_at": "2024-02-11T22:32:41Z",
            "description": "",
            "egress": [
              {
                "description": "any",
                "from_port": -1,
                "id": "enp3gl7jjqa4beak3p85",
                "labels": {},
                "port": -1,
                "predefined_target": "",
                "protocol": "ANY",
                "security_group_id": "",
                "to_port": -1,
                "v4_cidr_blocks": [
                  "0.0.0.0/0"
                ],
                "v6_cidr_blocks": []
              }
            ],
            "folder_id": "b1g8ar6d0dnaun4184h0",
            "id": "enpk9as97shuvndcdnik",
            "ingress": [
              {
                "description": "ext-http",
                "from_port": -1,
                "id": "enpj2o2bfncftr41c9nf",
                "labels": {},
                "port": 80,
                "predefined_target": "",
                "protocol": "TCP",
                "security_group_id": "",
                "to_port": -1,
                "v4_cidr_blocks": [
                  "0.0.0.0/0"
                ],
                "v6_cidr_blocks": []
              },
              {
                "description": "ext-https",
                "from_port": -1,
                "id": "enp076nm052qvkjs7odq",
                "labels": {},
                "port": 443,
                "predefined_target": "",
                "protocol": "TCP",
                "security_group_id": "",
                "to_port": -1,
                "v4_cidr_blocks": [
                  "0.0.0.0/0"
                ],
                "v6_cidr_blocks": []
              },
              {
                "description": "ssh",
                "from_port": -1,
                "id": "enp95tostjhgr6jenhrt",
                "labels": {},
                "port": 22,
                "predefined_target": "",
                "protocol": "TCP",
                "security_group_id": "",
                "to_port": -1,
                "v4_cidr_blocks": [
                  "0.0.0.0/0"
                ],
                "v6_cidr_blocks": []
              }
            ],
            "labels": {},
            "name": "nat-instance-sg",
            "network_id": "enp0h3kbj4fj21fulo5d",
            "status": "ACTIVE",
            "timeouts": null
          },
          "sensitive_attributes": [],
          "private": "eyJlMmJmYjczMC1lY2FhLTExZTYtOGY4OC0zNDM2M2JjN2M0YzAiOnsiY3JlYXRlIjoxODAwMDAwMDAwMDAsImRlbGV0ZSI6MTgwMDAwMDAwMDAwLCJ1cGRhdGUiOjE4MDAwMDAwMDAwMH19"
        }
      ]
    },
    {
      "mode": "managed",
      "type": "yandex_vpc_subnet",
      "name": "private-subnet",
      "provider": "provider[\"registry.terraform.io/yandex-cloud/yandex\"]",
      "instances": [
        {
          "schema_version": 0,
          "attributes": {
            "created_at": "2024-02-11T22:33:46Z",
            "description": "",
            "dhcp_options": [],
            "folder_id": "b1g8ar6d0dnaun4184h0",
            "id": "e9bs8m4aoa9fvqq7jpck",
            "labels": {},
            "name": "private-subnet",
            "network_id": "enp0h3kbj4fj21fulo5d",
            "route_table_id": "enp4ie2fcobrjuccs9bm",
            "timeouts": null,
            "v4_cidr_blocks": [
              "192.168.2.0/24"
            ],
            "v6_cidr_blocks": [],
            "zone": "ru-central1-a"
          },
          "sensitive_attributes": [],
          "private": "eyJlMmJmYjczMC1lY2FhLTExZTYtOGY4OC0zNDM2M2JjN2M0YzAiOnsiY3JlYXRlIjoxODAwMDAwMDAwMDAsImRlbGV0ZSI6MTgwMDAwMDAwMDAwLCJ1cGRhdGUiOjE4MDAwMDAwMDAwMH19",
          "dependencies": [
            "yandex_compute_instance.nat-instance",
            "yandex_vpc_route_table.nat-instance-route",
            "yandex_vpc_security_group.nat-instance-sg",
            "yandex_vpc_subnet.public-subnet"
          ]
        }
      ]
    },
    {
      "mode": "managed",
      "type": "yandex_vpc_subnet",
      "name": "public-subnet",
      "provider": "provider[\"registry.terraform.io/yandex-cloud/yandex\"]",
      "instances": [
        {
          "schema_version": 0,
          "attributes": {
            "created_at": "2024-02-11T22:32:39Z",
            "description": "",
            "dhcp_options": [],
            "folder_id": "b1g8ar6d0dnaun4184h0",
            "id": "e9bqjc9ku3rm8c1ambcd",
            "labels": {},
            "name": "public-subnet",
            "network_id": "enp0h3kbj4fj21fulo5d",
            "route_table_id": "",
            "timeouts": null,
            "v4_cidr_blocks": [
              "192.168.1.0/24"
            ],
            "v6_cidr_blocks": [],
            "zone": "ru-central1-a"
          },
          "sensitive_attributes": [],
          "private": "eyJlMmJmYjczMC1lY2FhLTExZTYtOGY4OC0zNDM2M2JjN2M0YzAiOnsiY3JlYXRlIjoxODAwMDAwMDAwMDAsImRlbGV0ZSI6MTgwMDAwMDAwMDAwLCJ1cGRhdGUiOjE4MDAwMDAwMDAwMH19"
        }
      ]
    }
  ],
  "check_results": null
}
